
Microsoft Visual Studio Solution File, Format Version 12.00
# Visual Studio Version 17
VisualStudioVersion = 17.8.34511.84
MinimumVisualStudioVersion = 10.0.40219.1
Project("{FAE04EC0-301F-11D3-BF4B-00C04F79EFBC}") = "ByteInjector", "ByteInjector\ByteInjector.csproj", "{2A9BEB11-A81F-4E04-8DF4-63221B7AF1E8}"
EndProject
Global
	GlobalSection(SolutionConfigurationPlatforms) = preSolution
		Debug|Any CPU = Debug|Any CPU
		Release|Any CPU = Release|Any CPU
	EndGlobalSection
	GlobalSection(ProjectConfigurationPlatforms) = postSolution
		{2A9BEB11-A81F-4E04-8DF4-63221B7AF1E8}.Debug|Any CPU.ActiveCfg = Debug|Any CPU
		{2A9BEB11-A81F-4E04-8DF4-63221B7AF1E8}.Debug|Any CPU.Build.0 = Debug|Any CPU
		{2A9BEB11-A81F-4E04-8DF4-63221B7AF1E8}.Release|Any CPU.ActiveCfg = Release|Any CPU
		{2A9BEB11-A81F-4E04-8DF4-63221B7AF1E8}.Release|Any CPU.Build.0 = Release|Any CPU
	EndGlobalSection
	GlobalSection(SolutionProperties) = preSolution
		HideSolutionNode = FALSE
	EndGlobalSection
	GlobalSection(ExtensibilityGlobals) = postSolution
		SolutionGuid = {D66DEED2-86B4-442E-B136-F353C4587D4A}
	EndGlobalSection
EndGlobal
